// !$*UTF8*$!
{
	archiveVersion = 1;
	classes = {
	};
	objectVersion = 77;
	objects = {

/* Begin PBXContainerItemProxy section */
		BA3CDB722E43D5590091F2BE /* PBXContainerItemProxy */ = {
			isa = PBXContainerItemProxy;
			containerPortal = BA3CDB5C2E43D5570091F2BE /* Project object */;
			proxyType = 1;
			remoteGlobalIDString = BA3CDB632E43D5570091F2BE;
			remoteInfo = "samples-ios-swift-swiftui";
		};
		BA3CDB7C2E43D5590091F2BE /* PBXContainerItemProxy */ = {
			isa = PBXContainerItemProxy;
			containerPortal = BA3CDB5C2E43D5570091F2BE /* Project object */;
			proxyType = 1;
			remoteGlobalIDString = BA3CDB632E43D5570091F2BE;
			remoteInfo = "samples-ios-swift-swiftui";
		};
/* End PBXContainerItemProxy section */

/* Begin PBXFileReference section */
		BA3CDB642E43D5570091F2BE /* samples-ios-swift-swiftui.app */ = {isa = PBXFileReference; explicitFileType = wrapper.application; includeInIndex = 0; path = "samples-ios-swift-swiftui.app"; sourceTree = BUILT_PRODUCTS_DIR; };
		BA3CDB712E43D5590091F2BE /* samples-ios-swift-swiftuiTests.xctest */ = {isa = PBXFileReference; explicitFileType = wrapper.cfbundle; includeInIndex = 0; path = "samples-ios-swift-swiftuiTests.xctest"; sourceTree = BUILT_PRODUCTS_DIR; };
		BA3CDB7B2E43D5590091F2BE /* samples-ios-swift-swiftuiUITests.xctest */ = {isa = PBXFileReference; explicitFileType = wrapper.cfbundle; includeInIndex = 0; path = "samples-ios-swift-swiftuiUITests.xctest"; sourceTree = BUILT_PRODUCTS_DIR; };
/* End PBXFileReference section */

/* Begin PBXFileSystemSynchronizedRootGroup section */
		BA3CDB662E43D5570091F2BE /* samples-ios-swift-swiftui */ = {
			isa = PBXFileSystemSynchronizedRootGroup;
			path = "samples-ios-swift-swiftui";
			sourceTree = "<group>";
		};
		BA3CDB742E43D5590091F2BE /* samples-ios-swift-swiftuiTests */ = {
			isa = PBXFileSystemSynchronizedRootGroup;
			path = "samples-ios-swift-swiftuiTests";
			sourceTree = "<group>";
		};
		BA3CDB7E2E43D5590091F2BE /* samples-ios-swift-swiftuiUITests */ = {
			isa = PBXFileSystemSynchronizedRootGroup;
			path = "samples-ios-swift-swiftuiUITests";
			sourceTree = "<group>";
		};
/* End PBXFileSystemSynchronizedRootGroup section */

/* Begin PBXFrameworksBuildPhase section */
		BA3CDB612E43D5570091F2BE /* Frameworks */ = {
			isa = PBXFrameworksBuildPhase;
			buildActionMask = 2147483647;
			files = (
			);
			runOnlyForDeploymentPostprocessing = 0;
		};
		BA3CDB6E2E43D5590091F2BE /* Frameworks */ = {
			isa = PBXFrameworksBuildPhase;
			buildActionMask = 2147483647;
			files = (
			);
			runOnlyForDeploymentPostprocessing = 0;
		};
		BA3CDB782E43D5590091F2BE /* Frameworks */ = {
			isa = PBXFrameworksBuildPhase;
			buildActionMask = 2147483647;
			files = (
			);
			runOnlyForDeploymentPostprocessing = 0;
		};
/* End PBXFrameworksBuildPhase section */

/* Begin PBXGroup section */
		BA3CDB5B2E43D5570091F2BE = {
			isa = PBXGroup;
			children = (
				BA3CDB662E43D5570091F2BE /* samples-ios-swift-swiftui */,
				BA3CDB742E43D5590091F2BE /* samples-ios-swift-swiftuiTests */,
				BA3CDB7E2E43D5590091F2BE /* samples-ios-swift-swiftuiUITests */,
				BA3CDB652E43D5570091F2BE /* Products */,
			);
			sourceTree = "<group>";
		};
		BA3CDB652E43D5570091F2BE /* Products */ = {
			isa = PBXGroup;
			children = (
				BA3CDB642E43D5570091F2BE /* samples-ios-swift-swiftui.app */,
				BA3CDB712E43D5590091F2BE /* samples-ios-swift-swiftuiTests.xctest */,
				BA3CDB7B2E43D5590091F2BE /* samples-ios-swift-swiftuiUITests.xctest */,
			);
			name = Products;
			sourceTree = "<group>";
		};
/* End PBXGroup section */

/* Begin PBXNativeTarget section */
		BA3CDB632E43D5570091F2BE /* samples-ios-swift-swiftui */ = {
			isa = PBXNativeTarget;
			buildConfigurationList = BA3CDB852E43D5590091F2BE /* Build configuration list for PBXNativeTarget "samples-ios-swift-swiftui" */;
			buildPhases = (
				BA3CDB602E43D5570091F2BE /* Sources */,
				BA3CDB612E43D5570091F2BE /* Frameworks */,
				BA3CDB622E43D5570091F2BE /* Resources */,
			);
			buildRules = (
			);
			dependencies = (
			);
			fileSystemSynchronizedGroups = (
				BA3CDB662E43D5570091F2BE /* samples-ios-swift-swiftui */,
			);
			name = "samples-ios-swift-swiftui";
			packageProductDependencies = (
			);
			productName = "samples-ios-swift-swiftui";
			productReference = BA3CDB642E43D5570091F2BE /* samples-ios-swift-swiftui.app */;
			productType = "com.apple.product-type.application";
		};
		BA3CDB702E43D5590091F2BE /* samples-ios-swift-swiftuiTests */ = {
			isa = PBXNativeTarget;
			buildConfigurationList = BA3CDB882E43D5590091F2BE /* Build configuration list for PBXNativeTarget "samples-ios-swift-swiftuiTests" */;
			buildPhases = (
				BA3CDB6D2E43D5590091F2BE /* Sources */,
				BA3CDB6E2E43D5590091F2BE /* Frameworks */,
				BA3CDB6F2E43D5590091F2BE /* Resources */,
			);
			buildRules = (
			);
			dependencies = (
				BA3CDB732E43D5590091F2BE /* PBXTargetDependency */,
			);
			fileSystemSynchronizedGroups = (
				BA3CDB742E43D5590091F2BE /* samples-ios-swift-swiftuiTests */,
			);
			name = "samples-ios-swift-swiftuiTests";
			packageProductDependencies = (
			);
			productName = "samples-ios-swift-swiftuiTests";
			productReference = BA3CDB712E43D5590091F2BE /* samples-ios-swift-swiftuiTests.xctest */;
			productType = "com.apple.product-type.bundle.unit-test";
		};
		BA3CDB7A2E43D5590091F2BE /* samples-ios-swift-swiftuiUITests */ = {
			isa = PBXNativeTarget;
			buildConfigurationList = BA3CDB8B2E43D5590091F2BE /* Build configuration list for PBXNativeTarget "samples-ios-swift-swiftuiUITests" */;
			buildPhases = (
				BA3CDB772E43D5590091F2BE /* Sources */,
				BA3CDB782E43D5590091F2BE /* Frameworks */,
				BA3CDB792E43D5590091F2BE /* Resources */,
			);
			buildRules = (
			);
			dependencies = (
				BA3CDB7D2E43D5590091F2BE /* PBXTargetDependency */,
			);
			fileSystemSynchronizedGroups = (
				BA3CDB7E2E43D5590091F2BE /* samples-ios-swift-swiftuiUITests */,
			);
			name = "samples-ios-swift-swiftuiUITests";
			packageProductDependencies = (
			);
			productName = "samples-ios-swift-swiftuiUITests";
			productReference = BA3CDB7B2E43D5590091F2BE /* samples-ios-swift-swiftuiUITests.xctest */;
			productType = "com.apple.product-type.bundle.ui-testing";
		};
/* End PBXNativeTarget section */

/* Begin PBXProject section */
		BA3CDB5C2E43D5570091F2BE /* Project object */ = {
			isa = PBXProject;
			attributes = {
				BuildIndependentTargetsInParallel = 1;
				LastSwiftUpdateCheck = 1640;
				LastUpgradeCheck = 1640;
				TargetAttributes = {
					BA3CDB632E43D5570091F2BE = {
						CreatedOnToolsVersion = 16.4;
					};
					BA3CDB702E43D5590091F2BE = {
						CreatedOnToolsVersion = 16.4;
						TestTargetID = BA3CDB632E43D5570091F2BE;
					};
					BA3CDB7A2E43D5590091F2BE = {
						CreatedOnToolsVersion = 16.4;
						TestTargetID = BA3CDB632E43D5570091F2BE;
					};
				};
			};
			buildConfigurationList = BA3CDB5F2E43D5570091F2BE /* Build configuration list for PBXProject "samples-ios-swift-swiftui" */;
			developmentRegion = en;
			hasScannedForEncodings = 0;
			knownRegions = (
				en,
				Base,
			);
			mainGroup = BA3CDB5B2E43D5570091F2BE;
			minimizedProjectReferenceProxies = 1;
			preferredProjectObjectVersion = 77;
			productRefGroup = BA3CDB652E43D5570091F2BE /* Products */;
			projectDirPath = "";
			projectRoot = "";
			targets = (
				BA3CDB632E43D5570091F2BE /* samples-ios-swift-swiftui */,
				BA3CDB702E43D5590091F2BE /* samples-ios-swift-swiftuiTests */,
				BA3CDB7A2E43D5590091F2BE /* samples-ios-swift-swiftuiUITests */,
			);
		};
/* End PBXProject section */

/* Begin PBXResourcesBuildPhase section */
		BA3CDB622E43D5570091F2BE /* Resources */ = {
			isa = PBXResourcesBuildPhase;
			buildActionMask = 2147483647;
			files = (
			);
			runOnlyForDeploymentPostprocessing = 0;
		};
		BA3CDB6F2E43D5590091F2BE /* Resources */ = {
			isa = PBXResourcesBuildPhase;
			buildActionMask = 2147483647;
			files = (
			);
			runOnlyForDeploymentPostprocessing = 0;
		};
		BA3CDB792E43D5590091F2BE /* Resources */ = {
			isa = PBXResourcesBuildPhase;
			buildActionMask = 2147483647;
			files = (
			);
			runOnlyForDeploymentPostprocessing = 0;
		};
/* End PBXResourcesBuildPhase section */

/* Begin PBXSourcesBuildPhase section */
		BA3CDB602E43D5570091F2BE /* Sources */ = {
			isa = PBXSourcesBuildPhase;
			buildActionMask = 2147483647;
			files = (
			);
			runOnlyForDeploymentPostprocessing = 0;
		};
		BA3CDB6D2E43D5590091F2BE /* Sources */ = {
			isa = PBXSourcesBuildPhase;
			buildActionMask = 2147483647;
			files = (
			);
			runOnlyForDeploymentPostprocessing = 0;
		};
		BA3CDB772E43D5590091F2BE /* Sources */ = {
			isa = PBXSourcesBuildPhase;
			buildActionMask = 2147483647;
			files = (
			);
			runOnlyForDeploymentPostprocessing = 0;
		};
/* End PBXSourcesBuildPhase section */

/* Begin PBXTargetDependency section */
		BA3CDB732E43D5590091F2BE /* PBXTargetDependency */ = {
			isa = PBXTargetDependency;
			target = BA3CDB632E43D5570091F2BE /* samples-ios-swift-swiftui */;
			targetProxy = BA3CDB722E43D5590091F2BE /* PBXContainerItemProxy */;
		};
		BA3CDB7D2E43D5590091F2BE /* PBXTargetDependency */ = {
			isa = PBXTargetDependency;
			target = BA3CDB632E43D5570091F2BE /* samples-ios-swift-swiftui */;
			targetProxy = BA3CDB7C2E43D5590091F2BE /* PBXContainerItemProxy */;
		};
/* End PBXTargetDependency section */

/* Begin XCBuildConfiguration section */
		BA3CDB832E43D5590091F2BE /* Debug */ = {
			isa = XCBuildConfiguration;
			buildSettings = {
				ALWAYS_SEARCH_USER_PATHS = NO;
				ASSETCATALOG_COMPILER_GENERATE_SWIFT_ASSET_SYMBOL_EXTENSIONS = YES;
				CLANG_ANALYZER_NONNULL = YES;
				CLANG_ANALYZER_NUMBER_OBJECT_CONVERSION = YES_AGGRESSIVE;
				CLANG_CXX_LANGUAGE_STANDARD = "gnu++20";
				CLANG_ENABLE_MODULES = YES;
				CLANG_ENABLE_OBJC_ARC = YES;
				CLANG_ENABLE_OBJC_WEAK = YES;
				CLANG_WARN_BLOCK_CAPTURE_AUTORELEASING = YES;
				CLANG_WARN_BOOL_CONVERSION = YES;
				CLANG_WARN_COMMA = YES;
				CLANG_WARN_CONSTANT_CONVERSION = YES;
				CLANG_WARN_DEPRECATED_OBJC_IMPLEMENTATIONS = YES;
				CLANG_WARN_DIRECT_OBJC_ISA_USAGE = YES_ERROR;
				CLANG_WARN_DOCUMENTATION_COMMENTS = YES;
				CLANG_WARN_EMPTY_BODY = YES;
				CLANG_WARN_ENUM_CONVERSION = YES;
				CLANG_WARN_INFINITE_RECURSION = YES;
				CLANG_WARN_INT_CONVERSION = YES;
				CLANG_WARN_NON_LITERAL_NULL_CONVERSION = YES;
				CLANG_WARN_OBJC_IMPLICIT_RETAIN_SELF = YES;
				CLANG_WARN_OBJC_LITERAL_CONVERSION = YES;
				CLANG_WARN_OBJC_ROOT_CLASS = YES_ERROR;
				CLANG_WARN_QUOTED_INCLUDE_IN_FRAMEWORK_HEADER = YES;
				CLANG_WARN_RANGE_LOOP_ANALYSIS = YES;
				CLANG_WARN_STRICT_PROTOTYPES = YES;
				CLANG_WARN_SUSPICIOUS_MOVE = YES;
				CLANG_WARN_UNGUARDED_AVAILABILITY = YES_AGGRESSIVE;
				CLANG_WARN_UNREACHABLE_CODE = YES;
				CLANG_WARN__DUPLICATE_METHOD_MATCH = YES;
				COPY_PHASE_STRIP = NO;
				DEBUG_INFORMATION_FORMAT = dwarf;
				DEVELOPMENT_TEAM = 72SA8V3WYL;
				ENABLE_STRICT_OBJC_MSGSEND = YES;
				ENABLE_TESTABILITY = YES;
				ENABLE_USER_SCRIPT_SANDBOXING = YES;
				GCC_C_LANGUAGE_STANDARD = gnu17;
				GCC_DYNAMIC_NO_PIC = NO;
				GCC_NO_COMMON_BLOCKS = YES;
				GCC_OPTIMIZATION_LEVEL = 0;
				GCC_PREPROCESSOR_DEFINITIONS = (
					"DEBUG=1",
					"$(inherited)",
				);
				GCC_WARN_64_TO_32_BIT_CONVERSION = YES;
				GCC_WARN_ABOUT_RETURN_TYPE = YES_ERROR;
				GCC_WARN_UNDECLARED_SELECTOR = YES;
				GCC_WARN_UNINITIALIZED_AUTOS = YES_AGGRESSIVE;
				GCC_WARN_UNUSED_FUNCTION = YES;
				GCC_WARN_UNUSED_VARIABLE = YES;
				IPHONEOS_DEPLOYMENT_TARGET = 18.5;
				LOCALIZATION_PREFERS_STRING_CATALOGS = YES;
				MTL_ENABLE_DEBUG_INFO = INCLUDE_SOURCE;
				MTL_FAST_MATH = YES;
				ONLY_ACTIVE_ARCH = YES;
				SDKROOT = iphoneos;
				SWIFT_ACTIVE_COMPILATION_CONDITIONS = "DEBUG $(inherited)";
				SWIFT_OPTIMIZATION_LEVEL = "-Onone";
			};
			name = Debug;
		};
		BA3CDB842E43D5590091F2BE /* Release */ = {
			isa = XCBuildConfiguration;
			buildSettings = {
				ALWAYS_SEARCH_USER_PATHS = NO;
				ASSETCATALOG_COMPILER_GENERATE_SWIFT_ASSET_SYMBOL_EXTENSIONS = YES;
				CLANG_ANALYZER_NONNULL = YES;
				CLANG_ANALYZER_NUMBER_OBJECT_CONVERSION = YES_AGGRESSIVE;
				CLANG_CXX_LANGUAGE_STANDARD = "gnu++20";
				CLANG_ENABLE_MODULES = YES;
				CLANG_ENABLE_OBJC_ARC = YES;
				CLANG_ENABLE_OBJC_WEAK = YES;
				CLANG_WARN_BLOCK_CAPTURE_AUTORELEASING = YES;
				CLANG_WARN_BOOL_CONVERSION = YES;
				CLANG_WARN_COMMA = YES;
				CLANG_WARN_CONSTANT_CONVERSION = YES;
				CLANG_WARN_DEPRECATED_OBJC_IMPLEMENTATIONS = YES;
				CLANG_WARN_DIRECT_OBJC_ISA_USAGE = YES_ERROR;
				CLANG_WARN_DOCUMENTATION_COMMENTS = YES;
				CLANG_WARN_EMPTY_BODY = YES;
				CLANG_WARN_ENUM_CONVERSION = YES;
				CLANG_WARN_INFINITE_RECURSION = YES;
				CLANG_WARN_INT_CONVERSION = YES;
				CLANG_WARN_NON_LITERAL_NULL_CONVERSION = YES;
				CLANG_WARN_OBJC_IMPLICIT_RETAIN_SELF = YES;
				CLANG_WARN_OBJC_LITERAL_CONVERSION = YES;
				CLANG_WARN_OBJC_ROOT_CLASS = YES_ERROR;
				CLANG_WARN_QUOTED_INCLUDE_IN_FRAMEWORK_HEADER = YES;
				CLANG_WARN_RANGE_LOOP_ANALYSIS = YES;
				CLANG_WARN_STRICT_PROTOTYPES = YES;
				CLANG_WARN_SUSPICIOUS_MOVE = YES;
				CLANG_WARN_UNGUARDED_AVAILABILITY = YES_AGGRESSIVE;
				CLANG_WARN_UNREACHABLE_CODE = YES;
				CLANG_WARN__DUPLICATE_METHOD_MATCH = YES;
				COPY_PHASE_STRIP = NO;
				DEBUG_INFORMATION_FORMAT = "dwarf-with-dsym";
				DEVELOPMENT_TEAM = 72SA8V3WYL;
				ENABLE_NS_ASSERTIONS = NO;
				ENABLE_STRICT_OBJC_MSGSEND = YES;
				ENABLE_USER_SCRIPT_SANDBOXING = YES;
				GCC_C_LANGUAGE_STANDARD = gnu17;
				GCC_NO_COMMON_BLOCKS = YES;
				GCC_WARN_64_TO_32_BIT_CONVERSION = YES;
				GCC_WARN_ABOUT_RETURN_TYPE = YES_ERROR;
				GCC_WARN_UNDECLARED_SELECTOR = YES;
				GCC_WARN_UNINITIALIZED_AUTOS = YES_AGGRESSIVE;
				GCC_WARN_UNUSED_FUNCTION = YES;
				GCC_WARN_UNUSED_VARIABLE = YES;
				IPHONEOS_DEPLOYMENT_TARGET = 18.5;
				LOCALIZATION_PREFERS_STRING_CATALOGS = YES;
				MTL_ENABLE_DEBUG_INFO = NO;
				MTL_FAST_MATH = YES;
				SDKROOT = iphoneos;
				SWIFT_COMPILATION_MODE = wholemodule;
				VALIDATE_PRODUCT = YES;
			};
			name = Release;
		};
		BA3CDB862E43D5590091F2BE /* Debug */ = {
			isa = XCBuildConfiguration;
			buildSettings = {
				ASSETCATALOG_COMPILER_APPICON_NAME = AppIcon;
				ASSETCATALOG_COMPILER_GLOBAL_ACCENT_COLOR_NAME = AccentColor;
				CODE_SIGN_STYLE = Automatic;
				CURRENT_PROJECT_VERSION = 1;
				DEVELOPMENT_TEAM = 72SA8V3WYL;
				ENABLE_PREVIEWS = YES;
				GENERATE_INFOPLIST_FILE = YES;
				INFOPLIST_KEY_UIApplicationSceneManifest_Generation = YES;
				INFOPLIST_KEY_UIApplicationSupportsIndirectInputEvents = YES;
				INFOPLIST_KEY_UILaunchScreen_Generation = YES;
				INFOPLIST_KEY_UISupportedInterfaceOrientations_iPad = "UIInterfaceOrientationPortrait UIInterfaceOrientationPortraitUpsideDown UIInterfaceOrientationLandscapeLeft UIInterfaceOrientationLandscapeRight";
				INFOPLIST_KEY_UISupportedInterfaceOrientations_iPhone = "UIInterfaceOrientationPortrait UIInterfaceOrientationLandscapeLeft UIInterfaceOrientationLandscapeRight";
				LD_RUNPATH_SEARCH_PATHS = (
					"$(inherited)",
					"@executable_path/Frameworks",
				);
				MARKETING_VERSION = 1.0;
				PRODUCT_BUNDLE_IDENTIFIER = "io.bitrise.samples-ios-swift-swiftui";
				PRODUCT_NAME = "$(TARGET_NAME)";
				SWIFT_EMIT_LOC_STRINGS = YES;
				SWIFT_VERSION = 5.0;
				TARGETED_DEVICE_FAMILY = "1,2";
			};
			name = Debug;
		};
		BA3CDB872E43D5590091F2BE /* Release */ = {
			isa = XCBuildConfiguration;
			buildSettings = {
				ASSETCATALOG_COMPILER_APPICON_NAME = AppIcon;
				ASSETCATALOG_COMPILER_GLOBAL_ACCENT_COLOR_NAME = AccentColor;
				CODE_SIGN_STYLE = Automatic;
				CURRENT_PROJECT_VERSION = 1;
				DEVELOPMENT_TEAM = 72SA8V3WYL;
				ENABLE_PREVIEWS = YES;
				GENERATE_INFOPLIST_FILE = YES;
				INFOPLIST_KEY_UIApplicationSceneManifest_Generation = YES;
				INFOPLIST_KEY_UIApplicationSupportsIndirectInputEvents = YES;
				INFOPLIST_KEY_UILaunchScreen_Generation = YES;
				INFOPLIST_KEY_UISupportedInterfaceOrientations_iPad = "UIInterfaceOrientationPortrait UIInterfaceOrientationPortraitUpsideDown UIInterfaceOrientationLandscapeLeft UIInterfaceOrientationLandscapeRight";
				INFOPLIST_KEY_UISupportedInterfaceOrientations_iPhone = "UIInterfaceOrientationPortrait UIInterfaceOrientationLandscapeLeft UIInterfaceOrientationLandscapeRight";
				LD_RUNPATH_SEARCH_PATHS = (
					"$(inherited)",
					"@executable_path/Frameworks",
				);
				MARKETING_VERSION = 1.0;
				PRODUCT_BUNDLE_IDENTIFIER = "io.bitrise.samples-ios-swift-swiftui";
				PRODUCT_NAME = "$(TARGET_NAME)";
				SWIFT_EMIT_LOC_STRINGS = YES;
				SWIFT_VERSION = 5.0;
				TARGETED_DEVICE_FAMILY = "1,2";
			};
			name = Release;
		};
		BA3CDB892E43D5590091F2BE /* Debug */ = {
			isa = XCBuildConfiguration;
			buildSettings = {
				BUNDLE_LOADER = "$(TEST_HOST)";
				CODE_SIGN_STYLE = Automatic;
				CURRENT_PROJECT_VERSION = 1;
				DEVELOPMENT_TEAM = 72SA8V3WYL;
				GENERATE_INFOPLIST_FILE = YES;
				IPHONEOS_DEPLOYMENT_TARGET = 18.5;
				MARKETING_VERSION = 1.0;
				PRODUCT_BUNDLE_IDENTIFIER = "io.bitrise.samples-ios-swift-swiftuiTests";
				PRODUCT_NAME = "$(TARGET_NAME)";
				SWIFT_EMIT_LOC_STRINGS = NO;
				SWIFT_VERSION = 5.0;
				TARGETED_DEVICE_FAMILY = "1,2";
				TEST_HOST = "$(BUILT_PRODUCTS_DIR)/samples-ios-swift-swiftui.app/$(BUNDLE_EXECUTABLE_FOLDER_PATH)/samples-ios-swift-swiftui";
			};
			name = Debug;
		};
		BA3CDB8A2E43D5590091F2BE /* Release */ = {
			isa = XCBuildConfiguration;
			buildSettings = {
				BUNDLE_LOADER = "$(TEST_HOST)";
				CODE_SIGN_STYLE = Automatic;
				CURRENT_PROJECT_VERSION = 1;
				DEVELOPMENT_TEAM = 72SA8V3WYL;
				GENERATE_INFOPLIST_FILE = YES;
				IPHONEOS_DEPLOYMENT_TARGET = 18.5;
				MARKETING_VERSION = 1.0;
				PRODUCT_BUNDLE_IDENTIFIER = "io.bitrise.samples-ios-swift-swiftuiTests";
				PRODUCT_NAME = "$(TARGET_NAME)";
				SWIFT_EMIT_LOC_STRINGS = NO;
				SWIFT_VERSION = 5.0;
				TARGETED_DEVICE_FAMILY = "1,2";
				TEST_HOST = "$(BUILT_PRODUCTS_DIR)/samples-ios-swift-swiftui.app/$(BUNDLE_EXECUTABLE_FOLDER_PATH)/samples-ios-swift-swiftui";
			};
			name = Release;
		};
		BA3CDB8C2E43D5590091F2BE /* Debug */ = {
			isa = XCBuildConfiguration;
			buildSettings = {
				CODE_SIGN_STYLE = Automatic;
				CURRENT_PROJECT_VERSION = 1;
				DEVELOPMENT_TEAM = 72SA8V3WYL;
				GENERATE_INFOPLIST_FILE = YES;
				MARKETING_VERSION = 1.0;
				PRODUCT_BUNDLE_IDENTIFIER = "io.bitrise.samples-ios-swift-swiftuiUITests";
				PRODUCT_NAME = "$(TARGET_NAME)";
				SWIFT_EMIT_LOC_STRINGS = NO;
				SWIFT_VERSION = 5.0;
				TARGETED_DEVICE_FAMILY = "1,2";
				TEST_TARGET_NAME = "samples-ios-swift-swiftui";
			};
			name = Debug;
		};
		BA3CDB8D2E43D5590091F2BE /* Release */ = {
			isa = XCBuildConfiguration;
			buildSettings = {
				CODE_SIGN_STYLE = Automatic;
				CURRENT_PROJECT_VERSION = 1;
				DEVELOPMENT_TEAM = 72SA8V3WYL;
				GENERATE_INFOPLIST_FILE = YES;
				MARKETING_VERSION = 1.0;
				PRODUCT_BUNDLE_IDENTIFIER = "io.bitrise.samples-ios-swift-swiftuiUITests";
				PRODUCT_NAME = "$(TARGET_NAME)";
				SWIFT_EMIT_LOC_STRINGS = NO;
				SWIFT_VERSION = 5.0;
				TARGETED_DEVICE_FAMILY = "1,2";
				TEST_TARGET_NAME = "samples-ios-swift-swiftui";
			};
			name = Release;
		};
/* End XCBuildConfiguration section */

/* Begin XCConfigurationList section */
		BA3CDB5F2E43D5570091F2BE /* Build configuration list for PBXProject "samples-ios-swift-swiftui" */ = {
			isa = XCConfigurationList;
			buildConfigurations = (
				BA3CDB832E43D5590091F2BE /* Debug */,
				BA3CDB842E43D5590091F2BE /* Release */,
			);
			defaultConfigurationIsVisible = 0;
			defaultConfigurationName = Release;
		};
		BA3CDB852E43D5590091F2BE /* Build configuration list for PBXNativeTarget "samples-ios-swift-swiftui" */ = {
			isa = XCConfigurationList;
			buildConfigurations = (
				BA3CDB862E43D5590091F2BE /* Debug */,
				BA3CDB872E43D5590091F2BE /* Release */,
			);
			defaultConfigurationIsVisible = 0;
			defaultConfigurationName = Release;
		};
		BA3CDB882E43D5590091F2BE /* Build configuration list for PBXNativeTarget "samples-ios-swift-swiftuiTests" */ = {
			isa = XCConfigurationList;
			buildConfigurations = (
				BA3CDB892E43D5590091F2BE /* Debug */,
				BA3CDB8A2E43D5590091F2BE /* Release */,
			);
			defaultConfigurationIsVisible = 0;
			defaultConfigurationName = Release;
		};
		BA3CDB8B2E43D5590091F2BE /* Build configuration list for PBXNativeTarget "samples-ios-swift-swiftuiUITests" */ = {
			isa = XCConfigurationList;
			buildConfigurations = (
				BA3CDB8C2E43D5590091F2BE /* Debug */,
				BA3CDB8D2E43D5590091F2BE /* Release */,
			);
			defaultConfigurationIsVisible = 0;
			defaultConfigurationName = Release;
		};
/* End XCConfigurationList section */
	};
	rootObject = BA3CDB5C2E43D5570091F2BE /* Project object */;
}
